
Microsoft Visual Studio Solution File, Format Version 12.00
# Visual Studio 15
VisualStudioVersion = 15.0.27428.1
MinimumVisualStudioVersion = 10.0.40219.1
Project("{FAE04EC0-301F-11D3-BF4B-00C04F79EFBC}") = "DelegatePrac1", "DelegatePrac\DelegatePrac1.csproj", "{2FAE03FA-516F-449A-A7C0-6FB72A52BA01}"
EndProject
Global
	GlobalSection(SolutionConfigurationPlatforms) = preSolution
		Debug|Any CPU = Debug|Any CPU
		Release|Any CPU = Release|Any CPU
	EndGlobalSection
	GlobalSection(ProjectConfigurationPlatforms) = postSolution
		{2FAE03FA-516F-449A-A7C0-6FB72A52BA01}.Debug|Any CPU.ActiveCfg = Debug|Any CPU
		{2FAE03FA-516F-449A-A7C0-6FB72A52BA01}.Debug|Any CPU.Build.0 = Debug|Any CPU
		{2FAE03FA-516F-449A-A7C0-6FB72A52BA01}.Release|Any CPU.ActiveCfg = Release|Any CPU
		{2FAE03FA-516F-449A-A7C0-6FB72A52BA01}.Release|Any CPU.Build.0 = Release|Any CPU
	EndGlobalSection
	GlobalSection(SolutionProperties) = preSolution
		HideSolutionNode = FALSE
	EndGlobalSection
	GlobalSection(ExtensibilityGlobals) = postSolution
		SolutionGuid = {5D12F398-5309-41D8-89C0-816A799C7074}
	EndGlobalSection
EndGlobal
